
Microsoft Visual Studio Solution File, Format Version 12.00
# Visual Studio Version 16
VisualStudioVersion = 16.0.30204.135
MinimumVisualStudioVersion = 10.0.40219.1
Project("{9A19103F-16F7-4668-BE54-9A1E7A4F7556}") = "SingleResponsibilityPrinciple", "SingleReponsibilityPrinciple\SingleResponsibilityPrinciple.csproj", "{4A8E7D72-A4F6-49AF-A7D8-18795469CD20}"
EndProject
Project("{2150E333-8FDC-42A3-9474-1A3956D46DE8}") = "Document", "Document", "{432B913F-E532-4486-8FC3-7AD010E41D80}"
	ProjectSection(SolutionItems) = preProject
		Document\Dependency-Inversion-Principle.pptx = Document\Dependency-Inversion-Principle.pptx
		Document\Interface-Segregation-Principle.pptx = Document\Interface-Segregation-Principle.pptx
		Document\Liskov-Subsitutation-Principle.pptx = Document\Liskov-Subsitutation-Principle.pptx
		Document\Open-Closed-Principle.pptx = Document\Open-Closed-Principle.pptx
		Document\Single-responsibility-principle.pptx = Document\Single-responsibility-principle.pptx
		Document\SOLID_INTRODUCE.pptx = Document\SOLID_INTRODUCE.pptx
	EndProjectSection
EndProject
Project("{9A19103F-16F7-4668-BE54-9A1E7A4F7556}") = "OpenClosedPrinciple", "OpenClosedPrinciple\OpenClosedPrinciple.csproj", "{DB51EC38-A3B8-4017-A7BF-1F23B28114AA}"
EndProject
Project("{9A19103F-16F7-4668-BE54-9A1E7A4F7556}") = "LiskovSubstutitionPrinciple", "LiskovSubstutitionPrinciple\LiskovSubstutitionPrinciple.csproj", "{4B676A76-A5B0-4967-A234-DDC6BC32E00C}"
EndProject
Project("{9A19103F-16F7-4668-BE54-9A1E7A4F7556}") = "InterfaceSegregationPrinciple", "InterfaceSegregationPrinciple\InterfaceSegregationPrinciple.csproj", "{C8E7005C-19EF-41F3-91D1-0AF58700C4CE}"
EndProject
Project("{9A19103F-16F7-4668-BE54-9A1E7A4F7556}") = "DependencyInversionPrinciple", "DependencyInversionPrinciple\DependencyInversionPrinciple.csproj", "{C4C57299-5C9E-4EEB-B6D9-BCC618B2D1EA}"
EndProject
Global
	GlobalSection(SolutionConfigurationPlatforms) = preSolution
		Debug|Any CPU = Debug|Any CPU
		Release|Any CPU = Release|Any CPU
	EndGlobalSection
	GlobalSection(ProjectConfigurationPlatforms) = postSolution
		{4A8E7D72-A4F6-49AF-A7D8-18795469CD20}.Debug|Any CPU.ActiveCfg = Debug|Any CPU
		{4A8E7D72-A4F6-49AF-A7D8-18795469CD20}.Debug|Any CPU.Build.0 = Debug|Any CPU
		{4A8E7D72-A4F6-49AF-A7D8-18795469CD20}.Release|Any CPU.ActiveCfg = Release|Any CPU
		{4A8E7D72-A4F6-49AF-A7D8-18795469CD20}.Release|Any CPU.Build.0 = Release|Any CPU
		{DB51EC38-A3B8-4017-A7BF-1F23B28114AA}.Debug|Any CPU.ActiveCfg = Debug|Any CPU
		{DB51EC38-A3B8-4017-A7BF-1F23B28114AA}.Debug|Any CPU.Build.0 = Debug|Any CPU
		{DB51EC38-A3B8-4017-A7BF-1F23B28114AA}.Release|Any CPU.ActiveCfg = Release|Any CPU
		{DB51EC38-A3B8-4017-A7BF-1F23B28114AA}.Release|Any CPU.Build.0 = Release|Any CPU
		{4B676A76-A5B0-4967-A234-DDC6BC32E00C}.Debug|Any CPU.ActiveCfg = Debug|Any CPU
		{4B676A76-A5B0-4967-A234-DDC6BC32E00C}.Debug|Any CPU.Build.0 = Debug|Any CPU
		{4B676A76-A5B0-4967-A234-DDC6BC32E00C}.Release|Any CPU.ActiveCfg = Release|Any CPU
		{4B676A76-A5B0-4967-A234-DDC6BC32E00C}.Release|Any CPU.Build.0 = Release|Any CPU
		{C8E7005C-19EF-41F3-91D1-0AF58700C4CE}.Debug|Any CPU.ActiveCfg = Debug|Any CPU
		{C8E7005C-19EF-41F3-91D1-0AF58700C4CE}.Debug|Any CPU.Build.0 = Debug|Any CPU
		{C8E7005C-19EF-41F3-91D1-0AF58700C4CE}.Release|Any CPU.ActiveCfg = Release|Any CPU
		{C8E7005C-19EF-41F3-91D1-0AF58700C4CE}.Release|Any CPU.Build.0 = Release|Any CPU
		{C4C57299-5C9E-4EEB-B6D9-BCC618B2D1EA}.Debug|Any CPU.ActiveCfg = Debug|Any CPU
		{C4C57299-5C9E-4EEB-B6D9-BCC618B2D1EA}.Debug|Any CPU.Build.0 = Debug|Any CPU
		{C4C57299-5C9E-4EEB-B6D9-BCC618B2D1EA}.Release|Any CPU.ActiveCfg = Release|Any CPU
		{C4C57299-5C9E-4EEB-B6D9-BCC618B2D1EA}.Release|Any CPU.Build.0 = Release|Any CPU
	EndGlobalSection
	GlobalSection(SolutionProperties) = preSolution
		HideSolutionNode = FALSE
	EndGlobalSection
	GlobalSection(ExtensibilityGlobals) = postSolution
		SolutionGuid = {14ECFE1B-A314-4156-9351-D0DC1F347187}
	EndGlobalSection
EndGlobal
